
Microsoft Visual Studio Solution File, Format Version 12.00
# Visual Studio Version 16
VisualStudioVersion = 16.0.30503.244
MinimumVisualStudioVersion = 10.0.40219.1
Project("{9A19103F-16F7-4668-BE54-9A1E7A4F7556}") = "ResumeScrape", "ResumeScrape\ResumeScrape.csproj", "{A3E4E714-7054-40F5-82BA-F28E68E4F6B3}"
EndProject
Project("{FAE04EC0-301F-11D3-BF4B-00C04F79EFBC}") = "JobDescriptionScrape", "JobDescriptionScrape\JobDescriptionScrape.csproj", "{64911F9E-F6C8-4C12-BAFE-39543FFC3028}"
EndProject
Global
	GlobalSection(SolutionConfigurationPlatforms) = preSolution
		Debug|Any CPU = Debug|Any CPU
		Release|Any CPU = Release|Any CPU
	EndGlobalSection
	GlobalSection(ProjectConfigurationPlatforms) = postSolution
		{A3E4E714-7054-40F5-82BA-F28E68E4F6B3}.Debug|Any CPU.ActiveCfg = Debug|Any CPU
		{A3E4E714-7054-40F5-82BA-F28E68E4F6B3}.Debug|Any CPU.Build.0 = Debug|Any CPU
		{A3E4E714-7054-40F5-82BA-F28E68E4F6B3}.Release|Any CPU.ActiveCfg = Release|Any CPU
		{A3E4E714-7054-40F5-82BA-F28E68E4F6B3}.Release|Any CPU.Build.0 = Release|Any CPU
		{64911F9E-F6C8-4C12-BAFE-39543FFC3028}.Debug|Any CPU.ActiveCfg = Debug|Any CPU
		{64911F9E-F6C8-4C12-BAFE-39543FFC3028}.Debug|Any CPU.Build.0 = Debug|Any CPU
		{64911F9E-F6C8-4C12-BAFE-39543FFC3028}.Release|Any CPU.ActiveCfg = Release|Any CPU
		{64911F9E-F6C8-4C12-BAFE-39543FFC3028}.Release|Any CPU.Build.0 = Release|Any CPU
	EndGlobalSection
	GlobalSection(SolutionProperties) = preSolution
		HideSolutionNode = FALSE
	EndGlobalSection
	GlobalSection(ExtensibilityGlobals) = postSolution
		SolutionGuid = {7583BC9B-08B0-40AF-9FF7-6E5F6B95B36A}
	EndGlobalSection
EndGlobal
